
Microsoft Visual Studio Solution File, Format Version 12.00
# Visual Studio Version 16
VisualStudioVersion = 16.0.30804.86
MinimumVisualStudioVersion = 10.0.40219.1
Project("{FAE04EC0-301F-11D3-BF4B-00C04F79EFBC}") = "EmployeeSearchSampleApi", "EmployeeSearchSampleApi\EmployeeSearchSampleApi.csproj", "{91DA2562-C7DB-482C-8445-209A1060A4F6}"
EndProject
Project("{FAE04EC0-301F-11D3-BF4B-00C04F79EFBC}") = "EmployeeSearchSample.Entity", "EmployeeSearchSample.Entity\EmployeeSearchSample.Entity.csproj", "{C41369D3-523E-485D-A23B-294DC53B66F3}"
EndProject
Project("{FAE04EC0-301F-11D3-BF4B-00C04F79EFBC}") = "EmployeeSearchSample.Data", "EmployeeSearchSample.Data\EmployeeSearchSample.Data.csproj", "{9D42E129-256F-4728-9C3E-AEF21543CA6C}"
EndProject
Global
	GlobalSection(SolutionConfigurationPlatforms) = preSolution
		Debug|Any CPU = Debug|Any CPU
		Release|Any CPU = Release|Any CPU
	EndGlobalSection
	GlobalSection(ProjectConfigurationPlatforms) = postSolution
		{91DA2562-C7DB-482C-8445-209A1060A4F6}.Debug|Any CPU.ActiveCfg = Debug|Any CPU
		{91DA2562-C7DB-482C-8445-209A1060A4F6}.Debug|Any CPU.Build.0 = Debug|Any CPU
		{91DA2562-C7DB-482C-8445-209A1060A4F6}.Release|Any CPU.ActiveCfg = Release|Any CPU
		{91DA2562-C7DB-482C-8445-209A1060A4F6}.Release|Any CPU.Build.0 = Release|Any CPU
		{C41369D3-523E-485D-A23B-294DC53B66F3}.Debug|Any CPU.ActiveCfg = Debug|Any CPU
		{C41369D3-523E-485D-A23B-294DC53B66F3}.Debug|Any CPU.Build.0 = Debug|Any CPU
		{C41369D3-523E-485D-A23B-294DC53B66F3}.Release|Any CPU.ActiveCfg = Release|Any CPU
		{C41369D3-523E-485D-A23B-294DC53B66F3}.Release|Any CPU.Build.0 = Release|Any CPU
		{9D42E129-256F-4728-9C3E-AEF21543CA6C}.Debug|Any CPU.ActiveCfg = Debug|Any CPU
		{9D42E129-256F-4728-9C3E-AEF21543CA6C}.Debug|Any CPU.Build.0 = Debug|Any CPU
		{9D42E129-256F-4728-9C3E-AEF21543CA6C}.Release|Any CPU.ActiveCfg = Release|Any CPU
		{9D42E129-256F-4728-9C3E-AEF21543CA6C}.Release|Any CPU.Build.0 = Release|Any CPU
	EndGlobalSection
	GlobalSection(SolutionProperties) = preSolution
		HideSolutionNode = FALSE
	EndGlobalSection
	GlobalSection(ExtensibilityGlobals) = postSolution
		SolutionGuid = {8B36B3EA-D872-4118-9FE3-465DEC064F21}
	EndGlobalSection
EndGlobal
